dependencies:
- name: nim-llm
  repository: https://helm.ngc.nvidia.com/nim
  version: 1.13.1
- name: nvidia-nim-llama-nemotron-embed-1b-v2
  repository: https://helm.ngc.nvidia.com/nim/nvidia
  version: 1.13.0
- name: nvidia-nim-llama-nemotron-rerank-1b-v2
  repository: https://helm.ngc.nvidia.com/nim/nvidia
  version: 1.10.0
- name: nim-vlm
  repository: https://helm.ngc.nvidia.com/nim
  version: 1.7.0
- name: nv-ingest
  repository: https://helm.ngc.nvidia.com/nvidia/nemo-microservices
  version: 25.9.0
- name: zipkin
  repository: https://zipkin.io/zipkin-helm
  version: 0.4.0
- name: opentelemetry-collector
  repository: https://open-telemetry.github.io/opentelemetry-helm-charts
  version: 0.130.2
- name: kube-prometheus-stack
  repository: https://prometheus-community.github.io/helm-charts
  version: 76.3.0
digest: sha256:d97a92154e7c2689f7273d812fb797ec34bf176830c118b863858dbeca1eab0b
generated: "2026-05-22T18:23:13.871064-04:00"
